
Microsoft Visual Studio Solution File, Format Version 12.00
# Visual Studio Version 17
VisualStudioVersion = 17.5.33516.290
MinimumVisualStudioVersion = 10.0.40219.1
Project("{9A19103F-16F7-4668-BE54-9A1E7A4F7556}") = "C#18_lessons", "C#18_lessons\C#18_lessons.csproj", "{64092C9F-662C-498A-A708-B57A043F6243}"
EndProject
Project("{2150E333-8FDC-42A3-9474-1A3956D46DE8}") = "XII_METHODS", "XII_METHODS", "{5D973604-EEFF-4A08-9DD5-58468B02B494}"
EndProject
Project("{9A19103F-16F7-4668-BE54-9A1E7A4F7556}") = "More_on_ARRAYS_", "More_on_ARRAYS_\More_on_ARRAYS_.csproj", "{72FEB4DF-12CA-4433-B801-E86F81326FEF}"
EndProject
Project("{FAE04EC0-301F-11D3-BF4B-00C04F79EFBC}") = "HRManagementSystem", "HRManagementSystem\HRManagementSystem.csproj", "{8FADE852-181F-471B-AADB-679B844BCF89}"
EndProject
Global
	GlobalSection(SolutionConfigurationPlatforms) = preSolution
		Debug|Any CPU = Debug|Any CPU
		Release|Any CPU = Release|Any CPU
	EndGlobalSection
	GlobalSection(ProjectConfigurationPlatforms) = postSolution
		{64092C9F-662C-498A-A708-B57A043F6243}.Debug|Any CPU.ActiveCfg = Debug|Any CPU
		{64092C9F-662C-498A-A708-B57A043F6243}.Debug|Any CPU.Build.0 = Debug|Any CPU
		{64092C9F-662C-498A-A708-B57A043F6243}.Release|Any CPU.ActiveCfg = Release|Any CPU
		{64092C9F-662C-498A-A708-B57A043F6243}.Release|Any CPU.Build.0 = Release|Any CPU
		{72FEB4DF-12CA-4433-B801-E86F81326FEF}.Debug|Any CPU.ActiveCfg = Debug|Any CPU
		{72FEB4DF-12CA-4433-B801-E86F81326FEF}.Debug|Any CPU.Build.0 = Debug|Any CPU
		{72FEB4DF-12CA-4433-B801-E86F81326FEF}.Release|Any CPU.ActiveCfg = Release|Any CPU
		{72FEB4DF-12CA-4433-B801-E86F81326FEF}.Release|Any CPU.Build.0 = Release|Any CPU
		{8FADE852-181F-471B-AADB-679B844BCF89}.Debug|Any CPU.ActiveCfg = Debug|Any CPU
		{8FADE852-181F-471B-AADB-679B844BCF89}.Debug|Any CPU.Build.0 = Debug|Any CPU
		{8FADE852-181F-471B-AADB-679B844BCF89}.Release|Any CPU.ActiveCfg = Release|Any CPU
		{8FADE852-181F-471B-AADB-679B844BCF89}.Release|Any CPU.Build.0 = Release|Any CPU
	EndGlobalSection
	GlobalSection(SolutionProperties) = preSolution
		HideSolutionNode = FALSE
	EndGlobalSection
	GlobalSection(NestedProjects) = preSolution
		{72FEB4DF-12CA-4433-B801-E86F81326FEF} = {5D973604-EEFF-4A08-9DD5-58468B02B494}
	EndGlobalSection
	GlobalSection(ExtensibilityGlobals) = postSolution
		SolutionGuid = {21850C7C-C5C4-4B7C-9C57-6356543D1052}
	EndGlobalSection
EndGlobal
