
Microsoft Visual Studio Solution File, Format Version 12.00
# Visual Studio Version 17
VisualStudioVersion = 17.5.33516.290
MinimumVisualStudioVersion = 10.0.40219.1
Project("{FAE04EC0-301F-11D3-BF4B-00C04F79EFBC}") = "C#18_lessons", "C#18_lessons\C#18_lessons.csproj", "{64092C9F-662C-498A-A708-B57A043F6243}"
EndProject
Global
	GlobalSection(SolutionConfigurationPlatforms) = preSolution
		Debug|Any CPU = Debug|Any CPU
		Release|Any CPU = Release|Any CPU
	EndGlobalSection
	GlobalSection(ProjectConfigurationPlatforms) = postSolution
		{64092C9F-662C-498A-A708-B57A043F6243}.Debug|Any CPU.ActiveCfg = Debug|Any CPU
		{64092C9F-662C-498A-A708-B57A043F6243}.Debug|Any CPU.Build.0 = Debug|Any CPU
		{64092C9F-662C-498A-A708-B57A043F6243}.Release|Any CPU.ActiveCfg = Release|Any CPU
		{64092C9F-662C-498A-A708-B57A043F6243}.Release|Any CPU.Build.0 = Release|Any CPU
	EndGlobalSection
	GlobalSection(SolutionProperties) = preSolution
		HideSolutionNode = FALSE
	EndGlobalSection
	GlobalSection(ExtensibilityGlobals) = postSolution
		SolutionGuid = {21850C7C-C5C4-4B7C-9C57-6356543D1052}
	EndGlobalSection
EndGlobal
